lockfileVersion: 5.4

specifiers:
  '@clerk/clerk-sdk-node': ^4.6.4
  '@devoxa/prisma-relay-cursor-connection': ^2.2.2
  '@netlify/functions': ^1.4.0
  '@pothos/core': ^3.24.0
  '@pothos/plugin-errors': ^3.10.0
  '@pothos/plugin-prisma': ^3.40.1
  '@pothos/plugin-relay': ^3.33.1
  '@pothos/plugin-simple-objects': ^3.6.7
  '@prisma/client': ^4.9.0
  graphql: ^16.6.0
  graphql-yoga: ^3.3.0
  prisma: ^4.9.0

dependencies:
  '@clerk/clerk-sdk-node': 4.7.2
  '@devoxa/prisma-relay-cursor-connection': 2.2.2_@prisma+client@4.10.1
  '@netlify/functions': 1.4.0
  '@pothos/core': 3.25.0_graphql@16.6.0
  '@pothos/plugin-errors': 3.11.0_z63nx7ebcmur2xl7ugctlosy3u
  '@pothos/plugin-prisma': 3.41.0_blxkiajytgao4ey6enfxue6fcy
  '@pothos/plugin-relay': 3.35.0_z63nx7ebcmur2xl7ugctlosy3u
  '@pothos/plugin-simple-objects': 3.6.7_z63nx7ebcmur2xl7ugctlosy3u
  '@prisma/client': 4.10.1_prisma@4.10.1
  graphql: 16.6.0
  graphql-yoga: 3.5.1_graphql@16.6.0

devDependencies:
  prisma: 4.10.1

packages:

  /@clerk/backend/0.6.2:
    resolution: {integrity: sha512-xXjKMseugG2gSYtLMUzoDs+o4EWJmO7wbzG4DZb/Utry6dUlm0Iz6Vjgw+F+0dvicHcAjF729H7I2N3qG+tCPg==}
    engines: {node: '>=14'}
    dependencies:
      '@clerk/types': 3.27.0
      '@peculiar/webcrypto': 1.4.1
      '@types/node': 16.18.6
      deepmerge: 4.2.2
      node-fetch-native: 1.0.1
      rfc4648: 1.5.2
      snakecase-keys: 5.4.4
      tslib: 2.4.1
    dev: false

  /@clerk/clerk-sdk-node/4.7.2:
    resolution: {integrity: sha512-T/fx2JSzNqXAlql7OWlPkv72o6k2iNibsUXbhgVhoNG9EsoSkgReesu3d9Y0TCosTO0DQ8N+5FgJKn+moJuoCw==}
    engines: {node: '>=14'}
    dependencies:
      '@clerk/backend': 0.6.2
      '@clerk/types': 3.27.0
      '@types/cookies': 0.7.7
      '@types/express': 4.17.14
      '@types/node-fetch': 2.6.2
      camelcase-keys: 6.2.2
      cookie: 0.5.0
      snakecase-keys: 3.2.1
      tslib: 2.4.1
    dev: false

  /@clerk/types/3.27.0:
    resolution: {integrity: sha512-0mkJvmb1aNnURCoItSMt0pzAh0yPOXu3WPiRoLJwBamqcfLnss1UrfWZdRi++lR8rjoFj9IwJZvSeWRCBqleNw==}
    engines: {node: '>=14'}
    dependencies:
      csstype: 3.1.1
    dev: false

  /@devoxa/prisma-relay-cursor-connection/2.2.2_@prisma+client@4.10.1:
    resolution: {integrity: sha512-nR8/f8DQXNG6a1C3wNRs2YZa6eDCuygz/fzwt6a/ARMsr0asnMK95NhFkZ2jN+ksKHA/AtfvVZvG7UVtJOB09Q==}
    peerDependencies:
      '@prisma/client': ^2.0.0 || ^3.0.0 || ^4.0.0
    dependencies:
      '@prisma/client': 4.10.1_prisma@4.10.1
      graphql-fields: 2.0.3
    dev: false

  /@envelop/core/3.0.4:
    resolution: {integrity: sha512-AybIZxQsDlFQTWHy6YtX/MSQPVuw+eOFtTW90JsHn6EbmcQnD6N3edQfSiTGjggPRHLoC0+0cuYXp2Ly2r3vrQ==}
    dependencies:
      '@envelop/types': 3.0.1
      tslib: 2.4.0
    dev: false

  /@envelop/parser-cache/5.0.4_a6sekiasy2tqr6d5gj7n2wtjli:
    resolution: {integrity: sha512-+kp6nzCVLYI2WQExQcE3FSy6n9ZGB5GYi+ntyjYdxaXU41U1f8RVwiLdyh0Ewn5D/s/zaLin09xkFKITVSAKDw==}
    peerDependencies:
      '@envelop/core': ^3.0.4
      graphql: ^14.0.0 || ^15.0.0 || ^16.0.0
    dependencies:
      '@envelop/core': 3.0.4
      graphql: 16.6.0
      lru-cache: 6.0.0
      tslib: 2.5.0
    dev: false

  /@envelop/types/3.0.1:
    resolution: {integrity: sha512-Ok62K1K+rlS+wQw77k8Pis8+1/h7+/9Wk5Fgcc2U6M5haEWsLFAHcHsk8rYlnJdEUl2Y3yJcCSOYbt1dyTaU5w==}
    dependencies:
      tslib: 2.5.0
    dev: false

  /@envelop/validation-cache/5.1.0_a6sekiasy2tqr6d5gj7n2wtjli:
    resolution: {integrity: sha512-X0hr7lcT9Ye4Sm43JPaSawmhFl5Uf67z8OEIyphWY4DUNRlY6VClQZRMGP+8iAo9EFcRspvmszBI8b/65JwHaA==}
    peerDependencies:
      '@envelop/core': ^3.0.4
      graphql: ^14.0.0 || ^15.0.0 || ^16.0.0
    dependencies:
      '@envelop/core': 3.0.4
      fast-json-stable-stringify: 2.1.0
      graphql: 16.6.0
      js-sha1: 0.6.0
      lru-cache: 6.0.0
      tslib: 2.5.0
    dev: false

  /@graphql-tools/executor/0.0.12_graphql@16.6.0:
    resolution: {integrity: sha512-bWpZcYRo81jDoTVONTnxS9dDHhEkNVjxzvFCH4CRpuyzD3uL+5w3MhtxIh24QyWm4LvQ4f+Bz3eMV2xU2I5+FA==}
    peerDependencies:
      graphql: ^14.0.0 || ^15.0.0 || ^16.0.0 || ^17.0.0
    dependencies:
      '@graphql-tools/utils': 9.1.4_graphql@16.6.0
      '@graphql-typed-document-node/core': 3.1.1_graphql@16.6.0
      '@repeaterjs/repeater': 3.0.4
      graphql: 16.6.0
      tslib: 2.5.0
      value-or-promise: 1.0.12
    dev: false

  /@graphql-tools/merge/8.3.18_graphql@16.6.0:
    resolution: {integrity: sha512-R8nBglvRWPAyLpZL/f3lxsY7wjnAeE0l056zHhcO/CgpvK76KYUt9oEkR05i8Hmt8DLRycBN0FiotJ0yDQWTVA==}
    peerDependencies:
      graphql: ^14.0.0 || ^15.0.0 || ^16.0.0 || ^17.0.0
    dependencies:
      '@graphql-tools/utils': 9.2.1_graphql@16.6.0
      graphql: 16.6.0
      tslib: 2.5.0
    dev: false

  /@graphql-tools/schema/9.0.16_graphql@16.6.0:
    resolution: {integrity: sha512-kF+tbYPPf/6K2aHG3e1SWIbapDLQaqnIHVRG6ow3onkFoowwtKszvUyOASL6Krcv2x9bIMvd1UkvRf9OaoROQQ==}
    peerDependencies:
      graphql: ^14.0.0 || ^15.0.0 || ^16.0.0 || ^17.0.0
    dependencies:
      '@graphql-tools/merge': 8.3.18_graphql@16.6.0
      '@graphql-tools/utils': 9.2.1_graphql@16.6.0
      graphql: 16.6.0
      tslib: 2.5.0
      value-or-promise: 1.0.12
    dev: false

  /@graphql-tools/utils/9.1.4_graphql@16.6.0:
    resolution: {integrity: sha512-hgIeLt95h9nQgQuzbbdhuZmh+8WV7RZ/6GbTj6t3IU4Zd2zs9yYJ2jgW/krO587GMOY8zCwrjNOMzD40u3l7Vg==}
    peerDependencies:
      graphql: ^14.0.0 || ^15.0.0 || ^16.0.0 || ^17.0.0
    dependencies:
      graphql: 16.6.0
      tslib: 2.5.0
    dev: false

  /@graphql-tools/utils/9.2.1_graphql@16.6.0:
    resolution: {integrity: sha512-WUw506Ql6xzmOORlriNrD6Ugx+HjVgYxt9KCXD9mHAak+eaXSwuGGPyE60hy9xaDEoXKBsG7SkG69ybitaVl6A==}
    peerDependencies:
      graphql: ^14.0.0 || ^15.0.0 || ^16.0.0 || ^17.0.0
    dependencies:
      '@graphql-typed-document-node/core': 3.1.1_graphql@16.6.0
      graphql: 16.6.0
      tslib: 2.5.0
    dev: false

  /@graphql-typed-document-node/core/3.1.1_graphql@16.6.0:
    resolution: {integrity: sha512-NQ17ii0rK1b34VZonlmT2QMJFI70m0TRwbknO/ihlbatXyaktDhN/98vBiUU6kNBPljqGqyIrl2T4nY2RpFANg==}
    peerDependencies:
      graphql: ^0.8.0 || ^0.9.0 || ^0.10.0 || ^0.11.0 || ^0.12.0 || ^0.13.0 || ^14.0.0 || ^15.0.0 || ^16.0.0
    dependencies:
      graphql: 16.6.0
    dev: false

  /@graphql-yoga/subscription/3.1.0:
    resolution: {integrity: sha512-Vc9lh8KzIHyS3n4jBlCbz7zCjcbtQnOBpsymcRvHhFr2cuH+knmRn0EmzimMQ58jQ8kxoRXXC3KJS3RIxSdPIg==}
    dependencies:
      '@graphql-yoga/typed-event-target': 1.0.0
      '@repeaterjs/repeater': 3.0.4
      '@whatwg-node/events': 0.0.2
      tslib: 2.5.0
    dev: false

  /@graphql-yoga/typed-event-target/1.0.0:
    resolution: {integrity: sha512-Mqni6AEvl3VbpMtKw+TIjc9qS9a8hKhiAjFtqX488yq5oJtj9TkNlFTIacAVS3vnPiswNsmDiQqvwUOcJgi1DA==}
    dependencies:
      '@repeaterjs/repeater': 3.0.4
      tslib: 2.5.0
    dev: false

  /@netlify/functions/1.4.0:
    resolution: {integrity: sha512-gy7ULTIRroc2/jyFVGx1djCmmBMVisIwrvkqggq5B6iDcInRSy2Tpkm+V5C63hKJVkNRskKWtLQKm9ecCaQTjA==}
    engines: {node: '>=8.3.0'}
    dependencies:
      is-promise: 4.0.0
    dev: false

  /@peculiar/asn1-schema/2.3.3:
    resolution: {integrity: sha512-6GptMYDMyWBHTUKndHaDsRZUO/XMSgIns2krxcm2L7SEExRHwawFvSwNBhqNPR9HJwv3MruAiF1bhN0we6j6GQ==}
    dependencies:
      asn1js: 3.0.5
      pvtsutils: 1.3.2
      tslib: 2.4.1
    dev: false

  /@peculiar/json-schema/1.1.12:
    resolution: {integrity: sha512-coUfuoMeIB7B8/NMekxaDzLhaYmp0HZNPEjYRm9goRou8UZIC3z21s0sL9AWoCw4EG876QyO3kYrc61WNF9B/w==}
    engines: {node: '>=8.0.0'}
    dependencies:
      tslib: 2.4.1
    dev: false

  /@peculiar/webcrypto/1.4.1:
    resolution: {integrity: sha512-eK4C6WTNYxoI7JOabMoZICiyqRRtJB220bh0Mbj5RwRycleZf9BPyZoxsTvpP0FpmVS2aS13NKOuh5/tN3sIRw==}
    engines: {node: '>=10.12.0'}
    dependencies:
      '@peculiar/asn1-schema': 2.3.3
      '@peculiar/json-schema': 1.1.12
      pvtsutils: 1.3.2
      tslib: 2.4.1
      webcrypto-core: 1.7.6
    dev: false

  /@pothos/core/3.25.0_graphql@16.6.0:
    resolution: {integrity: sha512-KI8IrpUww4YiCM3TWLHfOD4nfTUYH4Y/w6PuMARHKD9LyVQUDwPFKVZuIzQez/yssppo29SJlCJFH9Dz/CS4Vw==}
    peerDependencies:
      graphql: '>=15.1.0'
    dependencies:
      graphql: 16.6.0
    dev: false

  /@pothos/plugin-errors/3.11.0_z63nx7ebcmur2xl7ugctlosy3u:
    resolution: {integrity: sha512-UsU4lQcspMkwlEgfRMXD/APYYccaGn21gSW3QOGNfIV2Rt8eNp+qAo7f3Lo8J8XGhChU50fKHS6XFFcEgvclXw==}
    peerDependencies:
      '@pothos/core': '*'
      graphql: '>=15.1.0'
    dependencies:
      '@pothos/core': 3.25.0_graphql@16.6.0
      graphql: 16.6.0
    dev: false

  /@pothos/plugin-prisma/3.41.0_blxkiajytgao4ey6enfxue6fcy:
    resolution: {integrity: sha512-1GcSG4YB2Y083phwUaelUq79CACMXKlsRsFIE3vk90lIlJVDsgzJQLe/OrEEFaE/YSPiSUU2y9WOuGXodpTeAQ==}
    hasBin: true
    peerDependencies:
      '@pothos/core': '*'
      '@prisma/client': '*'
      graphql: '>=15.1.0'
      typescript: '>=4.7.2'
    dependencies:
      '@pothos/core': 3.25.0_graphql@16.6.0
      '@prisma/client': 4.10.1_prisma@4.10.1
      '@prisma/generator-helper': 4.10.1
      graphql: 16.6.0
    transitivePeerDependencies:
      - supports-color
    dev: false

  /@pothos/plugin-relay/3.35.0_z63nx7ebcmur2xl7ugctlosy3u:
    resolution: {integrity: sha512-I8iTSl7YIrbmWq5cC1xp55eL14fFyXEOk96sfq5r/9Up5NxPyZOX9OSqz6ZVyrSheAGCDvV5Dc3uh3tX4aZ8oQ==}
    peerDependencies:
      '@pothos/core': '*'
      graphql: '>=15.1.0'
    dependencies:
      '@pothos/core': 3.25.0_graphql@16.6.0
      graphql: 16.6.0
    dev: false

  /@pothos/plugin-simple-objects/3.6.7_z63nx7ebcmur2xl7ugctlosy3u:
    resolution: {integrity: sha512-2ME7NSJZMh7MFAsTScHRiZusrLd5qpMBT/zgfmlGSGZgTFOUj38fWkQGYTFbFxTP4uClEcf9GW3aAkwLmH2ATw==}
    peerDependencies:
      '@pothos/core': '*'
      graphql: '>=15.1.0'
    dependencies:
      '@pothos/core': 3.25.0_graphql@16.6.0
      graphql: 16.6.0
    dev: false

  /@prisma/client/4.10.1_prisma@4.10.1:
    resolution: {integrity: sha512-VonXLJZybdt8e5XZH5vnIGCRNnIh6OMX1FS3H/yzMGLT3STj5TJ/OkMcednrvELgk8PK89Vo3aSh51MWNO0axA==}
    engines: {node: '>=14.17'}
    requiresBuild: true
    peerDependencies:
      prisma: '*'
    peerDependenciesMeta:
      prisma:
        optional: true
    dependencies:
      '@prisma/engines-version': 4.10.1-2.aead147aa326ccb985dcfed5b065b4fdabd44b19
      prisma: 4.10.1
    dev: false

  /@prisma/debug/4.10.1:
    resolution: {integrity: sha512-NCWX+uJiEItzQsOS/4kiAKsT1hgSbN7n+1cNCmzoA6TsEn+WKzN0ZjBKyKuR937z57n2WVGXo5DfnCiW9ClqUg==}
    dependencies:
      '@types/debug': 4.1.7
      debug: 4.3.4
      strip-ansi: 6.0.1
    transitivePeerDependencies:
      - supports-color
    dev: false

  /@prisma/engines-version/4.10.1-2.aead147aa326ccb985dcfed5b065b4fdabd44b19:
    resolution: {integrity: sha512-tsjTho7laDhf9EJ9EnDxAPEf7yrigSMDhniXeU4YoWc7azHAs4GPxRi2P9LTFonmHkJLMOLjR77J1oIP8Ife1w==}
    dev: false

  /@prisma/engines/4.10.1:
    resolution: {integrity: sha512-B3tcTxjx196nuAu1GOTKO9cGPUgTFHYRdkPkTS4m5ptb2cejyBlH9X7GOfSt3xlI7p4zAJDshJP4JJivCg9ouA==}
    requiresBuild: true

  /@prisma/generator-helper/4.10.1:
    resolution: {integrity: sha512-OS2hAnRAiWpy+icccG6wp/yx/2jaeLdfYG6ZwD8RR0vZC2PC5VsrJz8tv6kYmuOs3qQwzVcPt9YSj3frWfD5WA==}
    dependencies:
      '@prisma/debug': 4.10.1
      '@types/cross-spawn': 6.0.2
      chalk: 4.1.2
      cross-spawn: 7.0.3
    transitivePeerDependencies:
      - supports-color
    dev: false

  /@repeaterjs/repeater/3.0.4:
    resolution: {integrity: sha512-AW8PKd6iX3vAZ0vA43nOUOnbq/X5ihgU+mSXXqunMkeQADGiqw/PY0JNeYtD5sr0PAy51YPgAPbDoeapv9r8WA==}
    dev: false

  /@types/body-parser/1.19.2:
    resolution: {integrity: sha512-ALYone6pm6QmwZoAgeyNksccT9Q4AWZQ6PvfwR37GT6r6FWUPguq6sUmNGSMV2Wr761oQoBxwGGa6DR5o1DC9g==}
    dependencies:
      '@types/connect': 3.4.35
      '@types/node': 18.13.0
    dev: false

  /@types/connect/3.4.35:
    resolution: {integrity: sha512-cdeYyv4KWoEgpBISTxWvqYsVy444DOqehiF3fM3ne10AmJ62RSyNkUnxMJXHQWRQQX2eR94m5y1IZyDwBjV9FQ==}
    dependencies:
      '@types/node': 18.13.0
    dev: false

  /@types/cookies/0.7.7:
    resolution: {integrity: sha512-h7BcvPUogWbKCzBR2lY4oqaZbO3jXZksexYJVFvkrFeLgbZjQkU4x8pRq6eg2MHXQhY0McQdqmmsxRWlVAHooA==}
    dependencies:
      '@types/connect': 3.4.35
      '@types/express': 4.17.14
      '@types/keygrip': 1.0.2
      '@types/node': 18.13.0
    dev: false

  /@types/cross-spawn/6.0.2:
    resolution: {integrity: sha512-KuwNhp3eza+Rhu8IFI5HUXRP0LIhqH5cAjubUvGXXthh4YYBuP2ntwEX+Cz8GJoZUHlKo247wPWOfA9LYEq4cw==}
    dependencies:
      '@types/node': 18.13.0
    dev: false

  /@types/debug/4.1.7:
    resolution: {integrity: sha512-9AonUzyTjXXhEOa0DnqpzZi6VHlqKMswga9EXjpXnnqxwLtdvPPtlO8evrI5D9S6asFRCQ6v+wpiUKbw+vKqyg==}
    dependencies:
      '@types/ms': 0.7.31
    dev: false

  /@types/express-serve-static-core/4.17.33:
    resolution: {integrity: sha512-TPBqmR/HRYI3eC2E5hmiivIzv+bidAfXofM+sbonAGvyDhySGw9/PQZFt2BLOrjUUR++4eJVpx6KnLQK1Fk9tA==}
    dependencies:
      '@types/node': 18.13.0
      '@types/qs': 6.9.7
      '@types/range-parser': 1.2.4
    dev: false

  /@types/express/4.17.14:
    resolution: {integrity: sha512-TEbt+vaPFQ+xpxFLFssxUDXj5cWCxZJjIcB7Yg0k0GMHGtgtQgpvx/MUQUeAkNbA9AAGrwkAsoeItdTgS7FMyg==}
    dependencies:
      '@types/body-parser': 1.19.2
      '@types/express-serve-static-core': 4.17.33
      '@types/qs': 6.9.7
      '@types/serve-static': 1.15.0
    dev: false

  /@types/keygrip/1.0.2:
    resolution: {integrity: sha512-GJhpTepz2udxGexqos8wgaBx4I/zWIDPh/KOGEwAqtuGDkOUJu5eFvwmdBX4AmB8Odsr+9pHCQqiAqDL/yKMKw==}
    dev: false

  /@types/mime/3.0.1:
    resolution: {integrity: sha512-Y4XFY5VJAuw0FgAqPNd6NNoV44jbq9Bz2L7Rh/J6jLTiHBSBJa9fxqQIvkIld4GsoDOcCbvzOUAbLPsSKKg+uA==}
    dev: false

  /@types/ms/0.7.31:
    resolution: {integrity: sha512-iiUgKzV9AuaEkZqkOLDIvlQiL6ltuZd9tGcW3gwpnX8JbuiuhFlEGmmFXEXkN50Cvq7Os88IY2v0dkDqXYWVgA==}
    dev: false

  /@types/node-fetch/2.6.2:
    resolution: {integrity: sha512-DHqhlq5jeESLy19TYhLakJ07kNumXWjcDdxXsLUMJZ6ue8VZJj4kLPQVE/2mdHh3xZziNF1xppu5lwmS53HR+A==}
    dependencies:
      '@types/node': 18.13.0
      form-data: 3.0.1
    dev: false

  /@types/node/16.18.6:
    resolution: {integrity: sha512-vmYJF0REqDyyU0gviezF/KHq/fYaUbFhkcNbQCuPGFQj6VTbXuHZoxs/Y7mutWe73C8AC6l9fFu8mSYiBAqkGA==}
    dev: false

  /@types/node/18.13.0:
    resolution: {integrity: sha512-gC3TazRzGoOnoKAhUx+Q0t8S9Tzs74z7m0ipwGpSqQrleP14hKxP4/JUeEQcD3W1/aIpnWl8pHowI7WokuZpXg==}
    dev: false

  /@types/qs/6.9.7:
    resolution: {integrity: sha512-FGa1F62FT09qcrueBA6qYTrJPVDzah9a+493+o2PCXsesWHIn27G98TsSMs3WPNbZIEj4+VJf6saSFpvD+3Zsw==}
    dev: false

  /@types/range-parser/1.2.4:
    resolution: {integrity: sha512-EEhsLsD6UsDM1yFhAvy0Cjr6VwmpMWqFBCb9w07wVugF7w9nfajxLuVmngTIpgS6svCnm6Vaw+MZhoDCKnOfsw==}
    dev: false

  /@types/serve-static/1.15.0:
    resolution: {integrity: sha512-z5xyF6uh8CbjAu9760KDKsH2FcDxZ2tFCsA4HIMWE6IkiYMXfVoa+4f9KX+FN0ZLsaMw1WNG2ETLA6N+/YA+cg==}
    dependencies:
      '@types/mime': 3.0.1
      '@types/node': 18.13.0
    dev: false

  /@whatwg-node/events/0.0.2:
    resolution: {integrity: sha512-WKj/lI4QjnLuPrim0cfO7i+HsDSXHxNv1y0CrJhdntuO3hxWZmnXCwNDnwOvry11OjRin6cgWNF+j/9Pn8TN4w==}
    dev: false

  /@whatwg-node/fetch/0.6.5:
    resolution: {integrity: sha512-3XQ78RAMX8Az0LlUqMoGM3jbT+FE0S+IKr4yiTiqzQ5S/pNxD52K/kFLcLQiEbL+3rkk/glCHqjxF1QI5155Ig==}
    dependencies:
      '@peculiar/webcrypto': 1.4.1
      '@whatwg-node/node-fetch': 0.0.1
      busboy: 1.6.0
      urlpattern-polyfill: 6.0.2
      web-streams-polyfill: 3.2.1
    transitivePeerDependencies:
      - '@types/node'
    dev: false

  /@whatwg-node/node-fetch/0.0.1:
    resolution: {integrity: sha512-dMbh604yf2jl37IzvYGA6z3heQg3dMzlqoNsiNToe46SVmKusfJXGf4KYIuiJTzh9mEEu/uVF//QakUfsLJpwA==}
    peerDependencies:
      '@types/node': ^18.0.6
    dependencies:
      '@whatwg-node/events': 0.0.2
      busboy: 1.6.0
      tslib: 2.5.0
    dev: false

  /@whatwg-node/server/0.5.11:
    resolution: {integrity: sha512-MXG2MWE2Cf4nNwZ5Kpq2VueNSxD2Y0DWNBH0FmsGdFOI4DudK8TZfbPXFEFG2b+wXrpkyi7s8Q86Htr62m0pSQ==}
    dependencies:
      '@whatwg-node/fetch': 0.6.5
      tslib: 2.5.0
    transitivePeerDependencies:
      - '@types/node'
    dev: false

  /ansi-regex/5.0.1:
    resolution: {integrity: sha512-quJQXlTSUGL2LH9SUXo8VwsY4soanhgo6LNSm84E1LBcE8s3O0wpdiRzyR9z/ZZJMlMWv37qOOb9pdJlMUEKFQ==}
    engines: {node: '>=8'}
    dev: false

  /ansi-styles/4.3.0:
    resolution: {integrity: sha512-zbB9rCJAT1rbjiVDb2hqKFHNYLxgtk8NURxZ3IZwD3F6NtxbXZQCnnSi1Lkx+IDohdPlFp222wVALIheZJQSEg==}
    engines: {node: '>=8'}
    dependencies:
      color-convert: 2.0.1
    dev: false

  /asn1js/3.0.5:
    resolution: {integrity: sha512-FVnvrKJwpt9LP2lAMl8qZswRNm3T4q9CON+bxldk2iwk3FFpuwhx2FfinyitizWHsVYyaY+y5JzDR0rCMV5yTQ==}
    engines: {node: '>=12.0.0'}
    dependencies:
      pvtsutils: 1.3.2
      pvutils: 1.1.3
      tslib: 2.4.1
    dev: false

  /asynckit/0.4.0:
    resolution: {integrity: sha512-Oei9OH4tRh0YqU3GxhX79dM/mwVgvbZJaSNaRk+bshkj0S5cfHcgYakreBjrHwatXKbz+IoIdYLxrKim2MjW0Q==}
    dev: false

  /braces/3.0.2:
    resolution: {integrity: sha512-b8um+L1RzM3WDSzvhm6gIz1yfTbBt6YTlcEKAvsmqCZZFw46z626lVj9j1yEPW33H5H+lBQpZMP1k8l+78Ha0A==}
    engines: {node: '>=8'}
    dependencies:
      fill-range: 7.0.1
    dev: false

  /busboy/1.6.0:
    resolution: {integrity: sha512-8SFQbg/0hQ9xy3UNTB0YEnsNBbWfhf7RtnzpL7TkBiTBRfrQ9Fxcnz7VJsleJpyp6rVLvXiuORqjlHi5q+PYuA==}
    engines: {node: '>=10.16.0'}
    dependencies:
      streamsearch: 1.1.0
    dev: false

  /camelcase-keys/6.2.2:
    resolution: {integrity: sha512-YrwaA0vEKazPBkn0ipTiMpSajYDSe+KjQfrjhcBMxJt/znbvlHd8Pw/Vamaz5EB4Wfhs3SUR3Z9mwRu/P3s3Yg==}
    engines: {node: '>=8'}
    dependencies:
      camelcase: 5.3.1
      map-obj: 4.3.0
      quick-lru: 4.0.1
    dev: false

  /camelcase/5.3.1:
    resolution: {integrity: sha512-L28STB170nwWS63UjtlEOE3dldQApaJXZkOI1uMFfzf3rRuPegHaHesyee+YxQ+W6SvRDQV6UrdOdRiR153wJg==}
    engines: {node: '>=6'}
    dev: false

  /chalk/4.1.2:
    resolution: {integrity: sha512-oKnbhFyRIXpUuez8iBMmyEa4nbj4IOQyuhc/wy9kY7/WVPcwIO9VA668Pu8RkO7+0G76SLROeyw9CpQ061i4mA==}
    engines: {node: '>=10'}
    dependencies:
      ansi-styles: 4.3.0
      supports-color: 7.2.0
    dev: false

  /color-convert/2.0.1:
    resolution: {integrity: sha512-RRECPsj7iu/xb5oKYcsFHSppFNnsj/52OVTRKb4zP5onXwVF3zVmmToNcOfGC+CRDpfK/U584fMg38ZHCaElKQ==}
    engines: {node: '>=7.0.0'}
    dependencies:
      color-name: 1.1.4
    dev: false

  /color-name/1.1.4:
    resolution: {integrity: sha512-dOy+3AuW3a2wNbZHIuMZpTcgjGuLU/uBL/ubcZF9OXbDo8ff4O8yVp5Bf0efS8uEoYo5q4Fx7dY9OgQGXgAsQA==}
    dev: false

  /combined-stream/1.0.8:
    resolution: {integrity: sha512-FQN4MRfuJeHf7cBbBMJFXhKSDq+2kAArBlmRBvcvFE5BB1HZKXtSFASDhdlz9zOYwxh8lDdnvmMOe/+5cdoEdg==}
    engines: {node: '>= 0.8'}
    dependencies:
      delayed-stream: 1.0.0
    dev: false

  /cookie/0.5.0:
    resolution: {integrity: sha512-YZ3GUyn/o8gfKJlnlX7g7xq4gyO6OSuhGPKaaGssGB2qgDUS0gPgtTvoyZLTt9Ab6dC4hfc9dV5arkvc/OCmrw==}
    engines: {node: '>= 0.6'}
    dev: false

  /cross-spawn/7.0.3:
    resolution: {integrity: sha512-iRDPJKUPVEND7dHPO8rkbOnPpyDygcDFtWjpeWNCgy8WP2rXcxXL8TskReQl6OrB2G7+UJrags1q15Fudc7G6w==}
    engines: {node: '>= 8'}
    dependencies:
      path-key: 3.1.1
      shebang-command: 2.0.0
      which: 2.0.2
    dev: false

  /csstype/3.1.1:
    resolution: {integrity: sha512-DJR/VvkAvSZW9bTouZue2sSxDwdTN92uHjqeKVm+0dAqdfNykRzQ95tay8aXMBAAPpUiq4Qcug2L7neoRh2Egw==}
    dev: false

  /debug/4.3.4:
    resolution: {integrity: sha512-PRWFHuSU3eDtQJPvnNY7Jcket1j0t5OuOsFzPPzsekD52Zl8qUfFIPEiswXqIvHWGVHOgX+7G/vCNNhehwxfkQ==}
    engines: {node: '>=6.0'}
    peerDependencies:
      supports-color: '*'
    peerDependenciesMeta:
      supports-color:
        optional: true
    dependencies:
      ms: 2.1.2
    dev: false

  /deepmerge/4.2.2:
    resolution: {integrity: sha512-FJ3UgI4gIl+PHZm53knsuSFpE+nESMr7M4v9QcgB7S63Kj/6WqMiFQJpBBYz1Pt+66bZpP3Q7Lye0Oo9MPKEdg==}
    engines: {node: '>=0.10.0'}
    dev: false

  /delayed-stream/1.0.0:
    resolution: {integrity: sha512-ZySD7Nf91aLB0RxL4KGrKHBXl7Eds1DAmEdcoVawXnLD7SDhpNgtuII2aAkg7a7QS41jxPSZ17p4VdGnMHk3MQ==}
    engines: {node: '>=0.4.0'}
    dev: false

  /dot-case/3.0.4:
    resolution: {integrity: sha512-Kv5nKlh6yRrdrGvxeJ2e5y2eRUpkUosIW4A2AS38zwSz27zu7ufDwQPi5Jhs3XAlGNetl3bmnGhQsMtkKJnj3w==}
    dependencies:
      no-case: 3.0.4
      tslib: 2.4.1
    dev: false

  /dset/3.1.2:
    resolution: {integrity: sha512-g/M9sqy3oHe477Ar4voQxWtaPIFw1jTdKZuomOjhCcBx9nHUNn0pu6NopuFFrTh/TRZIKEj+76vLWFu9BNKk+Q==}
    engines: {node: '>=4'}
    dev: false

  /fast-json-stable-stringify/2.1.0:
    resolution: {integrity: sha512-lhd/wF+Lk98HZoTCtlVraHtfh5XYijIjalXck7saUtuanSDyLMxnHhSXEDJqHxD7msR8D0uCmqlkwjCV8xvwHw==}
    dev: false

  /fill-range/7.0.1:
    resolution: {integrity: sha512-qOo9F+dMUmC2Lcb4BbVvnKJxTPjCm+RRpe4gDuGrzkL7mEVl/djYSu2OdQ2Pa302N4oqkSg9ir6jaLWJ2USVpQ==}
    engines: {node: '>=8'}
    dependencies:
      to-regex-range: 5.0.1
    dev: false

  /form-data/3.0.1:
    resolution: {integrity: sha512-RHkBKtLWUVwd7SqRIvCZMEvAMoGUp0XU+seQiZejj0COz3RI3hWP4sCv3gZWWLjJTd7rGwcsF5eKZGii0r/hbg==}
    engines: {node: '>= 6'}
    dependencies:
      asynckit: 0.4.0
      combined-stream: 1.0.8
      mime-types: 2.1.35
    dev: false

  /graphql-fields/2.0.3:
    resolution: {integrity: sha512-x3VE5lUcR4XCOxPIqaO4CE+bTK8u6gVouOdpQX9+EKHr+scqtK5Pp/l8nIGqIpN1TUlkKE6jDCCycm/WtLRAwA==}
    dev: false

  /graphql-yoga/3.5.1_graphql@16.6.0:
    resolution: {integrity: sha512-DVn/r4L9XJs5XeVJY9BqOHXk6P2Z1iNB9vXfChcEGNpfxJCbY6pKBstGdlDY+93U0lq5aLVspeOTvBWXAN90/w==}
    peerDependencies:
      graphql: ^15.2.0 || ^16.0.0
    dependencies:
      '@envelop/core': 3.0.4
      '@envelop/parser-cache': 5.0.4_a6sekiasy2tqr6d5gj7n2wtjli
      '@envelop/validation-cache': 5.1.0_a6sekiasy2tqr6d5gj7n2wtjli
      '@graphql-tools/executor': 0.0.12_graphql@16.6.0
      '@graphql-tools/schema': 9.0.16_graphql@16.6.0
      '@graphql-tools/utils': 9.2.1_graphql@16.6.0
      '@graphql-yoga/subscription': 3.1.0
      '@whatwg-node/fetch': 0.6.5
      '@whatwg-node/server': 0.5.11
      dset: 3.1.2
      graphql: 16.6.0
      tslib: 2.5.0
    transitivePeerDependencies:
      - '@types/node'
    dev: false

  /graphql/16.6.0:
    resolution: {integrity: sha512-KPIBPDlW7NxrbT/eh4qPXz5FiFdL5UbaA0XUNz2Rp3Z3hqBSkbj0GVjwFDztsWVauZUWsbKHgMg++sk8UX0bkw==}
    engines: {node: ^12.22.0 || ^14.16.0 || ^16.0.0 || >=17.0.0}
    dev: false

  /has-flag/4.0.0:
    resolution: {integrity: sha512-EykJT/Q1KjTWctppgIAgfSO0tKVuZUjhgMr17kqTumMl6Afv3EISleU7qZUzoXDFTAHTDC4NOoG/ZxU3EvlMPQ==}
    engines: {node: '>=8'}
    dev: false

  /is-number/7.0.0:
    resolution: {integrity: sha512-41Cifkg6e8TylSpdtTpeLVMqvSBEVzTttHvERD741+pnZ8ANv0004MRL43QKPDlK9cGvNp6NZWZUBlbGXYxxng==}
    engines: {node: '>=0.12.0'}
    dev: false

  /is-promise/4.0.0:
    resolution: {integrity: sha512-hvpoI6korhJMnej285dSg6nu1+e6uxs7zG3BYAm5byqDsgJNWwxzM6z6iZiAgQR4TJ30JmBTOwqZUw3WlyH3AQ==}
    dev: false

  /isexe/2.0.0:
    resolution: {integrity: sha512-RHxMLp9lnKHGHRng9QFhRCMbYAcVpn69smSGcq3f36xjgVVWThj4qqLbTLlq7Ssj8B+fIQ1EuCEGI2lKsyQeIw==}
    dev: false

  /js-sha1/0.6.0:
    resolution: {integrity: sha512-01gwBFreYydzmU9BmZxpVk6svJJHrVxEN3IOiGl6VO93bVKYETJ0sIth6DASI6mIFdt7NmfX9UiByRzsYHGU9w==}
    dev: false

  /lower-case/2.0.2:
    resolution: {integrity: sha512-7fm3l3NAF9WfN6W3JOmf5drwpVqX78JtoGJ3A6W0a6ZnldM41w2fV5D490psKFTpMds8TJse/eHLFFsNHHjHgg==}
    dependencies:
      tslib: 2.4.1
    dev: false

  /lru-cache/6.0.0:
    resolution: {integrity: sha512-Jo6dJ04CmSjuznwJSS3pUeWmd/H0ffTlkXXgwZi+eq1UCmqQwCh+eLsYOYCwY991i2Fah4h1BEMCx4qThGbsiA==}
    engines: {node: '>=10'}
    dependencies:
      yallist: 4.0.0
    dev: false

  /map-obj/4.3.0:
    resolution: {integrity: sha512-hdN1wVrZbb29eBGiGjJbeP8JbKjq1urkHJ/LIP/NY48MZ1QVXUsQBV1G1zvYFHn1XE06cwjBsOI2K3Ulnj1YXQ==}
    engines: {node: '>=8'}
    dev: false

  /mime-db/1.52.0:
    resolution: {integrity: sha512-sPU4uV7dYlvtWJxwwxHD0PuihVNiE7TyAbQ5SWxDCB9mUYvOgroQOwYQQOKPJ8CIbE+1ETVlOoK1UC2nU3gYvg==}
    engines: {node: '>= 0.6'}
    dev: false

  /mime-types/2.1.35:
    resolution: {integrity: sha512-ZDY+bPm5zTTF+YpCrAU9nK0UgICYPT0QtT1NZWFv4s++TNkcgVaT0g6+4R2uI4MjQjzysHB1zxuWL50hzaeXiw==}
    engines: {node: '>= 0.6'}
    dependencies:
      mime-db: 1.52.0
    dev: false

  /ms/2.1.2:
    resolution: {integrity: sha512-sGkPx+VjMtmA6MX27oA4FBFELFCZZ4S4XqeGOXCv68tT+jb3vk/RyaKWP0PTKyWtmLSM0b+adUTEvbs1PEaH2w==}
    dev: false

  /no-case/3.0.4:
    resolution: {integrity: sha512-fgAN3jGAh+RoxUGZHTSOLJIqUc2wmoBwGR4tbpNAKmmovFoWq0OdRkb0VkldReO2a2iBT/OEulG9XSUc10r3zg==}
    dependencies:
      lower-case: 2.0.2
      tslib: 2.4.1
    dev: false

  /node-fetch-native/1.0.1:
    resolution: {integrity: sha512-VzW+TAk2wE4X9maiKMlT+GsPU4OMmR1U9CrHSmd3DFLn2IcZ9VJ6M6BBugGfYUnPCLSYxXdZy17M0BEJyhUTwg==}
    dev: false

  /path-key/3.1.1:
    resolution: {integrity: sha512-ojmeN0qd+y0jszEtoY48r0Peq5dwMEkIlCOu6Q5f41lfkswXuKtYrhgoTpLnyIcHm24Uhqx+5Tqm2InSwLhE6Q==}
    engines: {node: '>=8'}
    dev: false

  /prisma/4.10.1:
    resolution: {integrity: sha512-0jDxgg+DruB1kHVNlcspXQB9au62IFfVg9drkhzXudszHNUAQn0lVuu+T8np0uC2z1nKD5S3qPeCyR8u5YFLnA==}
    engines: {node: '>=14.17'}
    hasBin: true
    requiresBuild: true
    dependencies:
      '@prisma/engines': 4.10.1

  /pvtsutils/1.3.2:
    resolution: {integrity: sha512-+Ipe2iNUyrZz+8K/2IOo+kKikdtfhRKzNpQbruF2URmqPtoqAs8g3xS7TJvFF2GcPXjh7DkqMnpVveRFq4PgEQ==}
    dependencies:
      tslib: 2.4.1
    dev: false

  /pvutils/1.1.3:
    resolution: {integrity: sha512-pMpnA0qRdFp32b1sJl1wOJNxZLQ2cbQx+k6tjNtZ8CpvVhNqEPRgivZ2WOUev2YMajecdH7ctUPDvEe87nariQ==}
    engines: {node: '>=6.0.0'}
    dev: false

  /quick-lru/4.0.1:
    resolution: {integrity: sha512-ARhCpm70fzdcvNQfPoy49IaanKkTlRWF2JMzqhcJbhSFRZv7nPTvZJdcY7301IPmvW+/p0RgIWnQDLJxifsQ7g==}
    engines: {node: '>=8'}
    dev: false

  /rfc4648/1.5.2:
    resolution: {integrity: sha512-tLOizhR6YGovrEBLatX1sdcuhoSCXddw3mqNVAcKxGJ+J0hFeJ+SjeWCv5UPA/WU3YzWPPuCVYgXBKZUPGpKtg==}
    dev: false

  /shebang-command/2.0.0:
    resolution: {integrity: sha512-kHxr2zZpYtdmrN1qDjrrX/Z1rR1kG8Dx+gkpK1G4eXmvXswmcE1hTWBWYUzlraYw1/yZp6YuDY77YtvbN0dmDA==}
    engines: {node: '>=8'}
    dependencies:
      shebang-regex: 3.0.0
    dev: false

  /shebang-regex/3.0.0:
    resolution: {integrity: sha512-7++dFhtcx3353uBaq8DDR4NuxBetBzC7ZQOhmTQInHEd6bSrXdiEyzCvG07Z44UYdLShWUyXt5M/yhz8ekcb1A==}
    engines: {node: '>=8'}
    dev: false

  /snake-case/3.0.4:
    resolution: {integrity: sha512-LAOh4z89bGQvl9pFfNF8V146i7o7/CqFPbqzYgP+yYzDIDeS9HaNFtXABamRW+AQzEVODcvE79ljJ+8a9YSdMg==}
    dependencies:
      dot-case: 3.0.4
      tslib: 2.4.1
    dev: false

  /snakecase-keys/3.2.1:
    resolution: {integrity: sha512-CjU5pyRfwOtaOITYv5C8DzpZ8XA/ieRsDpr93HI2r6e3YInC6moZpSQbmUtg8cTk58tq2x3jcG2gv+p1IZGmMA==}
    engines: {node: '>=8'}
    dependencies:
      map-obj: 4.3.0
      to-snake-case: 1.0.0
    dev: false

  /snakecase-keys/5.4.4:
    resolution: {integrity: sha512-YTywJG93yxwHLgrYLZjlC75moVEX04LZM4FHfihjHe1FCXm+QaLOFfSf535aXOAd0ArVQMWUAe8ZPm4VtWyXaA==}
    engines: {node: '>=12'}
    dependencies:
      map-obj: 4.3.0
      snake-case: 3.0.4
      type-fest: 2.19.0
    dev: false

  /streamsearch/1.1.0:
    resolution: {integrity: sha512-Mcc5wHehp9aXz1ax6bZUyY5afg9u2rv5cqQI3mRrYkGC8rW2hM02jWuwjtL++LS5qinSyhj2QfLyNsuc+VsExg==}
    engines: {node: '>=10.0.0'}
    dev: false

  /strip-ansi/6.0.1:
    resolution: {integrity: sha512-Y38VPSHcqkFrCpFnQ9vuSXmquuv5oXOKpGeT6aGrr3o3Gc9AlVa6JBfUSOCnbxGGZF+/0ooI7KrPuUSztUdU5A==}
    engines: {node: '>=8'}
    dependencies:
      ansi-regex: 5.0.1
    dev: false

  /supports-color/7.2.0:
    resolution: {integrity: sha512-qpCAvRl9stuOHveKsn7HncJRvv501qIacKzQlO/+Lwxc9+0q2wLyv4Dfvt80/DPn2pqOBsJdDiogXGR9+OvwRw==}
    engines: {node: '>=8'}
    dependencies:
      has-flag: 4.0.0
    dev: false

  /to-no-case/1.0.2:
    resolution: {integrity: sha512-Z3g735FxuZY8rodxV4gH7LxClE4H0hTIyHNIHdk+vpQxjLm0cwnKXq/OFVZ76SOQmto7txVcwSCwkU5kqp+FKg==}
    dev: false

  /to-regex-range/5.0.1:
    resolution: {integrity: sha512-65P7iz6X5yEr1cwcgvQxbbIw7Uk3gOy5dIdtZ4rDveLqhrdJP+Li/Hx6tyK0NEb+2GCyneCMJiGqrADCSNk8sQ==}
    engines: {node: '>=8.0'}
    dependencies:
      is-number: 7.0.0
    dev: false

  /to-snake-case/1.0.0:
    resolution: {integrity: sha512-joRpzBAk1Bhi2eGEYBjukEWHOe/IvclOkiJl3DtA91jV6NwQ3MwXA4FHYeqk8BNp/D8bmi9tcNbRu/SozP0jbQ==}
    dependencies:
      to-space-case: 1.0.0
    dev: false

  /to-space-case/1.0.0:
    resolution: {integrity: sha512-rLdvwXZ39VOn1IxGL3V6ZstoTbwLRckQmn/U8ZDLuWwIXNpuZDhQ3AiRUlhTbOXFVE9C+dR51wM0CBDhk31VcA==}
    dependencies:
      to-no-case: 1.0.2
    dev: false

  /tslib/2.4.0:
    resolution: {integrity: sha512-d6xOpEDfsi2CZVlPQzGeux8XMwLT9hssAsaPYExaQMuYskwb+x1x7J371tWlbBdWHroy99KnVB6qIkUbs5X3UQ==}
    dev: false

  /tslib/2.4.1:
    resolution: {integrity: sha512-tGyy4dAjRIEwI7BzsB0lynWgOpfqjUdq91XXAlIWD2OwKBH7oCl/GZG/HT4BOHrTlPMOASlMQ7veyTqpmRcrNA==}
    dev: false

  /tslib/2.5.0:
    resolution: {integrity: sha512-336iVw3rtn2BUK7ORdIAHTyxHGRIHVReokCR3XjbckJMK7ms8FysBfhLR8IXnAgy7T0PTPNBWKiH514FOW/WSg==}
    dev: false

  /type-fest/2.19.0:
    resolution: {integrity: sha512-RAH822pAdBgcNMAfWnCBU3CFZcfZ/i1eZjwFU/dsLKumyuuP3niueg2UAukXYF0E2AAoc82ZSSf9J0WQBinzHA==}
    engines: {node: '>=12.20'}
    dev: false

  /urlpattern-polyfill/6.0.2:
    resolution: {integrity: sha512-5vZjFlH9ofROmuWmXM9yj2wljYKgWstGwe8YTyiqM7hVum/g9LyCizPZtb3UqsuppVwety9QJmfc42VggLpTgg==}
    dependencies:
      braces: 3.0.2
    dev: false

  /value-or-promise/1.0.12:
    resolution: {integrity: sha512-Z6Uz+TYwEqE7ZN50gwn+1LCVo9ZVrpxRPOhOLnncYkY1ZzOYtrX8Fwf/rFktZ8R5mJms6EZf5TqNOMeZmnPq9Q==}
    engines: {node: '>=12'}
    dev: false

  /web-streams-polyfill/3.2.1:
    resolution: {integrity: sha512-e0MO3wdXWKrLbL0DgGnUV7WHVuw9OUvL4hjgnPkIeEvESk74gAITi5G606JtZPp39cd8HA9VQzCIvA49LpPN5Q==}
    engines: {node: '>= 8'}
    dev: false

  /webcrypto-core/1.7.6:
    resolution: {integrity: sha512-TBPiewB4Buw+HI3EQW+Bexm19/W4cP/qZG/02QJCXN+iN+T5sl074vZ3rJcle/ZtDBQSgjkbsQO/1eFcxnSBUA==}
    dependencies:
      '@peculiar/asn1-schema': 2.3.3
      '@peculiar/json-schema': 1.1.12
      asn1js: 3.0.5
      pvtsutils: 1.3.2
      tslib: 2.4.1
    dev: false

  /which/2.0.2:
    resolution: {integrity: sha512-BLI3Tl1TW3Pvl70l3yq3Y64i+awpwXqsGBYWkkqMtnbXgrMD+yj7rhW0kuEDxzJaYXGjEW5ogapKNMEKNMjibA==}
    engines: {node: '>= 8'}
    hasBin: true
    dependencies:
      isexe: 2.0.0
    dev: false

  /yallist/4.0.0:
    resolution: {integrity: sha512-3wdGidZyq5PB084XLES5TpOSRA3wjXAlIWMhum2kRcv/41Sn2emQ0dycQW4uZXLejwKvg6EsvbdlVL+FYEct7A==}
    dev: false
